// !$*UTF8*$!
{
	archiveVersion = 1;
	classes = {
	};
	objectVersion = 56;
	objects = {

/* Begin PBXBuildFile section */
		2649E1B12B04AD9A003CA70C /* BaseView.swift in Sources */ = {isa = PBXBuildFile; fileRef = 2649E1B02B04AD9A003CA70C /* BaseView.swift */; };
		2649E1B42B04AE43003CA70C /* SignInTextField.swift in Sources */ = {isa = PBXBuildFile; fileRef = 2649E1B32B04AE43003CA70C /* SignInTextField.swift */; };
		2649E1B72B04AEB6003CA70C /* Ext+UITextField.swift in Sources */ = {isa = PBXBuildFile; fileRef = 2649E1B62B04AEB6003CA70C /* Ext+UITextField.swift */; };
		2649E1B92B04B073003CA70C /* SignInButton.swift in Sources */ = {isa = PBXBuildFile; fileRef = 2649E1B82B04B073003CA70C /* SignInButton.swift */; };
		2649E1BB2B04B0B4003CA70C /* Ext+UIButton.swift in Sources */ = {isa = PBXBuildFile; fileRef = 2649E1BA2B04B0B4003CA70C /* Ext+UIButton.swift */; };
		2649E1BD2B04B872003CA70C /* Ext+UIViewController.swift in Sources */ = {isa = PBXBuildFile; fileRef = 2649E1BC2B04B872003CA70C /* Ext+UIViewController.swift */; };
		2649E1C12B04C677003CA70C /* SignupViewModel.swift in Sources */ = {isa = PBXBuildFile; fileRef = 2649E1C02B04C677003CA70C /* SignupViewModel.swift */; };
		2649E1C42B04C69D003CA70C /* BaseInOutPut.swift in Sources */ = {isa = PBXBuildFile; fileRef = 2649E1C32B04C69D003CA70C /* BaseInOutPut.swift */; };
		2657F3B82B02324000E3A22E /* AppDelegate.swift in Sources */ = {isa = PBXBuildFile; fileRef = 2657F3B72B02324000E3A22E /* AppDelegate.swift */; };
		2657F3BA2B02324000E3A22E /* SceneDelegate.swift in Sources */ = {isa = PBXBuildFile; fileRef = 2657F3B92B02324000E3A22E /* SceneDelegate.swift */; };
		2657F3BC2B02324000E3A22E /* SignupViewController.swift in Sources */ = {isa = PBXBuildFile; fileRef = 2657F3BB2B02324000E3A22E /* SignupViewController.swift */; };
		2657F3C12B02324200E3A22E /* Assets.xcassets in Resources */ = {isa = PBXBuildFile; fileRef = 2657F3C02B02324200E3A22E /* Assets.xcassets */; };
		2657F3C42B02324200E3A22E /* LaunchScreen.storyboard in Resources */ = {isa = PBXBuildFile; fileRef = 2657F3C22B02324200E3A22E /* LaunchScreen.storyboard */; };
		2657F3CD2B02328D00E3A22E /* BaseViewController.swift in Sources */ = {isa = PBXBuildFile; fileRef = 2657F3CC2B02328D00E3A22E /* BaseViewController.swift */; };
		2657F3D12B02350F00E3A22E /* SnapKit in Frameworks */ = {isa = PBXBuildFile; productRef = 2657F3D02B02350F00E3A22E /* SnapKit */; };
		2657F3D42B02352600E3A22E /* RxCocoa in Frameworks */ = {isa = PBXBuildFile; productRef = 2657F3D32B02352600E3A22E /* RxCocoa */; };
		2657F3D62B02352600E3A22E /* RxSwift in Frameworks */ = {isa = PBXBuildFile; productRef = 2657F3D52B02352600E3A22E /* RxSwift */; };
		2657F3DA2B02366700E3A22E /* APIModel.swift in Sources */ = {isa = PBXBuildFile; fileRef = 2657F3D92B02366700E3A22E /* APIModel.swift */; };
		2657F3DC2B0236EB00E3A22E /* .gitignore in Resources */ = {isa = PBXBuildFile; fileRef = 2657F3DB2B0236EB00E3A22E /* .gitignore */; };
		2657F3E02B02374B00E3A22E /* APIKeyAndBaseURL.swift in Sources */ = {isa = PBXBuildFile; fileRef = 2657F3DF2B02374B00E3A22E /* APIKeyAndBaseURL.swift */; };
		2657F3E22B02377500E3A22E /* APIManager.swift in Sources */ = {isa = PBXBuildFile; fileRef = 2657F3E12B02377500E3A22E /* APIManager.swift */; };
		2657F3E42B023C4000E3A22E /* Router.swift in Sources */ = {isa = PBXBuildFile; fileRef = 2657F3E32B023C4000E3A22E /* Router.swift */; };
		2657F3E72B023CA500E3A22E /* Alamofire in Frameworks */ = {isa = PBXBuildFile; productRef = 2657F3E62B023CA500E3A22E /* Alamofire */; };
		2686E19D2B20527D00C9DF76 /* LikeCollectionViewCell.swift in Sources */ = {isa = PBXBuildFile; fileRef = 2686E19C2B20527D00C9DF76 /* LikeCollectionViewCell.swift */; };
		2686E1A12B20619A00C9DF76 /* LikeCollectionViewController.swift in Sources */ = {isa = PBXBuildFile; fileRef = 2686E1A02B20619A00C9DF76 /* LikeCollectionViewController.swift */; };
		2686E1A32B207CA600C9DF76 /* LikeViewModel.swift in Sources */ = {isa = PBXBuildFile; fileRef = 2686E1A22B207CA600C9DF76 /* LikeViewModel.swift */; };
		2686E1B12B20DCEA00C9DF76 /* ProfileView.swift in Sources */ = {isa = PBXBuildFile; fileRef = 2686E1B02B20DCEA00C9DF76 /* ProfileView.swift */; };
		2686E1B32B20DDB800C9DF76 /* Ext+UILabel.swift in Sources */ = {isa = PBXBuildFile; fileRef = 2686E1B22B20DDB800C9DF76 /* Ext+UILabel.swift */; };
		268E47592B186ED9008BECD3 /* AuthManager.swift in Sources */ = {isa = PBXBuildFile; fileRef = 268E47582B186ED9008BECD3 /* AuthManager.swift */; };
		269CEE5F2B1113D900477D04 /* CommentViewController.swift in Sources */ = {isa = PBXBuildFile; fileRef = 269CEE5E2B1113D900477D04 /* CommentViewController.swift */; };
		26E5F2FD2B1F721200955A5D /* Ext+UITextView.swift in Sources */ = {isa = PBXBuildFile; fileRef = 26E5F2FC2B1F721200955A5D /* Ext+UITextView.swift */; };
		26E5F2FF2B1F72FE00955A5D /* BasicTextView.swift in Sources */ = {isa = PBXBuildFile; fileRef = 26E5F2FE2B1F72FE00955A5D /* BasicTextView.swift */; };
		26E699AE2B0DE00B00DA90C0 /* AddRoutinViewController.swift in Sources */ = {isa = PBXBuildFile; fileRef = 26E699AD2B0DE00B00DA90C0 /* AddRoutinViewController.swift */; };
		26E699B02B0DE66400DA90C0 /* AddRoutinViewModel.swift in Sources */ = {isa = PBXBuildFile; fileRef = 26E699AF2B0DE66400DA90C0 /* AddRoutinViewModel.swift */; };
		26E699B22B0DFA2D00DA90C0 /* MainTableViewCell.swift in Sources */ = {isa = PBXBuildFile; fileRef = 26E699B12B0DFA2D00DA90C0 /* MainTableViewCell.swift */; };
		26E699B42B0E05FA00DA90C0 /* MainViewModel.swift in Sources */ = {isa = PBXBuildFile; fileRef = 26E699B32B0E05FA00DA90C0 /* MainViewModel.swift */; };
		26E699B62B0E409500DA90C0 /* Ext+StringToDate.swift in Sources */ = {isa = PBXBuildFile; fileRef = 26E699B52B0E409500DA90C0 /* Ext+StringToDate.swift */; };
		26EB41092B19F9450080E5D8 /* PostImage.swift in Sources */ = {isa = PBXBuildFile; fileRef = 26EB41082B19F9450080E5D8 /* PostImage.swift */; };
		26EB410C2B1A30A70080E5D8 /* TabViewController.swift in Sources */ = {isa = PBXBuildFile; fileRef = 26EB410B2B1A30A70080E5D8 /* TabViewController.swift */; };
		26EB41152B1A31A80080E5D8 /* ProfileViewController.swift in Sources */ = {isa = PBXBuildFile; fileRef = 26EB41142B1A31A80080E5D8 /* ProfileViewController.swift */; };
		26EC02BA2B16FF8C00EB1D06 /* Kingfisher in Frameworks */ = {isa = PBXBuildFile; productRef = 26EC02B92B16FF8C00EB1D06 /* Kingfisher */; };
		26F03BCF2B0B2D7400BC5E68 /* MainViewController.swift in Sources */ = {isa = PBXBuildFile; fileRef = 26F03BCE2B0B2D7400BC5E68 /* MainViewController.swift */; };
		26F2A7CC2B074DE100033C93 /* NetworkErrorCollections.swift in Sources */ = {isa = PBXBuildFile; fileRef = 26F2A7CB2B074DE100033C93 /* NetworkErrorCollections.swift */; };
		26F2A7CE2B07648200033C93 /* LoginViewModel.swift in Sources */ = {isa = PBXBuildFile; fileRef = 26F2A7CD2B07648200033C93 /* LoginViewModel.swift */; };
		26F4937F2B036A5400AA68E7 /* LoginViewController.swift in Sources */ = {isa = PBXBuildFile; fileRef = 26F4937E2B036A5400AA68E7 /* LoginViewController.swift */; };
		26F493822B0388C500AA68E7 /* UserDefaultsManager.swift in Sources */ = {isa = PBXBuildFile; fileRef = 26F493812B0388C500AA68E7 /* UserDefaultsManager.swift */; };
		26F565F22B147764006A58CA /* CommentTableViewCell.swift in Sources */ = {isa = PBXBuildFile; fileRef = 26F565F12B147764006A58CA /* CommentTableViewCell.swift */; };
		26F565F62B14FB4B006A58CA /* CommentViewModel.swift in Sources */ = {isa = PBXBuildFile; fileRef = 26F565F52B14FB4B006A58CA /* CommentViewModel.swift */; };
/* End PBXBuildFile section */

/* Begin PBXFileReference section */
		2649E1B02B04AD9A003CA70C /* BaseView.swift */ = {isa = PBXFileReference; lastKnownFileType = sourcecode.swift; path = BaseView.swift; sourceTree = "<group>"; };
		2649E1B32B04AE43003CA70C /* SignInTextField.swift */ = {isa = PBXFileReference; lastKnownFileType = sourcecode.swift; path = SignInTextField.swift; sourceTree = "<group>"; };
		2649E1B62B04AEB6003CA70C /* Ext+UITextField.swift */ = {isa = PBXFileReference; lastKnownFileType = sourcecode.swift; path = "Ext+UITextField.swift"; sourceTree = "<group>"; };
		2649E1B82B04B073003CA70C /* SignInButton.swift */ = {isa = PBXFileReference; lastKnownFileType = sourcecode.swift; path = SignInButton.swift; sourceTree = "<group>"; };
		2649E1BA2B04B0B4003CA70C /* Ext+UIButton.swift */ = {isa = PBXFileReference; lastKnownFileType = sourcecode.swift; path = "Ext+UIButton.swift"; sourceTree = "<group>"; };
		2649E1BC2B04B872003CA70C /* Ext+UIViewController.swift */ = {isa = PBXFileReference; lastKnownFileType = sourcecode.swift; path = "Ext+UIViewController.swift"; sourceTree = "<group>"; };
		2649E1C02B04C677003CA70C /* SignupViewModel.swift */ = {isa = PBXFileReference; lastKnownFileType = sourcecode.swift; path = SignupViewModel.swift; sourceTree = "<group>"; };
		2649E1C32B04C69D003CA70C /* BaseInOutPut.swift */ = {isa = PBXFileReference; lastKnownFileType = sourcecode.swift; path = BaseInOutPut.swift; sourceTree = "<group>"; };
		2657F3B42B02324000E3A22E /* Lslp_Clone.app */ = {isa = PBXFileReference; explicitFileType = wrapper.application; includeInIndex = 0; path = Lslp_Clone.app; sourceTree = BUILT_PRODUCTS_DIR; };
		2657F3B72B02324000E3A22E /* AppDelegate.swift */ = {isa = PBXFileReference; lastKnownFileType = sourcecode.swift; path = AppDelegate.swift; sourceTree = "<group>"; };
		2657F3B92B02324000E3A22E /* SceneDelegate.swift */ = {isa = PBXFileReference; lastKnownFileType = sourcecode.swift; path = SceneDelegate.swift; sourceTree = "<group>"; };
		2657F3BB2B02324000E3A22E /* SignupViewController.swift */ = {isa = PBXFileReference; lastKnownFileType = sourcecode.swift; path = SignupViewController.swift; sourceTree = "<group>"; };
		2657F3C02B02324200E3A22E /* Assets.xcassets */ = {isa = PBXFileReference; lastKnownFileType = folder.assetcatalog; path = Assets.xcassets; sourceTree = "<group>"; };
		2657F3C32B02324200E3A22E /* Base */ = {isa = PBXFileReference; lastKnownFileType = file.storyboard; name = Base; path = Base.lproj/LaunchScreen.storyboard; sourceTree = "<group>"; };
		2657F3C52B02324200E3A22E /* Info.plist */ = {isa = PBXFileReference; lastKnownFileType = text.plist.xml; path = Info.plist; sourceTree = "<group>"; };
		2657F3CC2B02328D00E3A22E /* BaseViewController.swift */ = {isa = PBXFileReference; lastKnownFileType = sourcecode.swift; path = BaseViewController.swift; sourceTree = "<group>"; };
		2657F3D92B02366700E3A22E /* APIModel.swift */ = {isa = PBXFileReference; lastKnownFileType = sourcecode.swift; path = APIModel.swift; sourceTree = "<group>"; };
		2657F3DB2B0236EB00E3A22E /* .gitignore */ = {isa = PBXFileReference; lastKnownFileType = text; path = .gitignore; sourceTree = "<group>"; };
		2657F3DF2B02374B00E3A22E /* APIKeyAndBaseURL.swift */ = {isa = PBXFileReference; lastKnownFileType = sourcecode.swift; path = APIKeyAndBaseURL.swift; sourceTree = "<group>"; };
		2657F3E12B02377500E3A22E /* APIManager.swift */ = {isa = PBXFileReference; lastKnownFileType = sourcecode.swift; path = APIManager.swift; sourceTree = "<group>"; };
		2657F3E32B023C4000E3A22E /* Router.swift */ = {isa = PBXFileReference; lastKnownFileType = sourcecode.swift; path = Router.swift; sourceTree = "<group>"; };
		2686E19C2B20527D00C9DF76 /* LikeCollectionViewCell.swift */ = {isa = PBXFileReference; lastKnownFileType = sourcecode.swift; path = LikeCollectionViewCell.swift; sourceTree = "<group>"; };
		2686E1A02B20619A00C9DF76 /* LikeCollectionViewController.swift */ = {isa = PBXFileReference; lastKnownFileType = sourcecode.swift; path = LikeCollectionViewController.swift; sourceTree = "<group>"; };
		2686E1A22B207CA600C9DF76 /* LikeViewModel.swift */ = {isa = PBXFileReference; lastKnownFileType = sourcecode.swift; path = LikeViewModel.swift; sourceTree = "<group>"; };
		2686E1B02B20DCEA00C9DF76 /* ProfileView.swift */ = {isa = PBXFileReference; lastKnownFileType = sourcecode.swift; path = ProfileView.swift; sourceTree = "<group>"; };
		2686E1B22B20DDB800C9DF76 /* Ext+UILabel.swift */ = {isa = PBXFileReference; lastKnownFileType = sourcecode.swift; path = "Ext+UILabel.swift"; sourceTree = "<group>"; };
		268E47582B186ED9008BECD3 /* AuthManager.swift */ = {isa = PBXFileReference; lastKnownFileType = sourcecode.swift; path = AuthManager.swift; sourceTree = "<group>"; };
		269CEE5E2B1113D900477D04 /* CommentViewController.swift */ = {isa = PBXFileReference; lastKnownFileType = sourcecode.swift; path = CommentViewController.swift; sourceTree = "<group>"; };
		26E5F2FC2B1F721200955A5D /* Ext+UITextView.swift */ = {isa = PBXFileReference; lastKnownFileType = sourcecode.swift; path = "Ext+UITextView.swift"; sourceTree = "<group>"; };
		26E5F2FE2B1F72FE00955A5D /* BasicTextView.swift */ = {isa = PBXFileReference; lastKnownFileType = sourcecode.swift; path = BasicTextView.swift; sourceTree = "<group>"; };
		26E699AD2B0DE00B00DA90C0 /* AddRoutinViewController.swift */ = {isa = PBXFileReference; lastKnownFileType = sourcecode.swift; path = AddRoutinViewController.swift; sourceTree = "<group>"; };
		26E699AF2B0DE66400DA90C0 /* AddRoutinViewModel.swift */ = {isa = PBXFileReference; lastKnownFileType = sourcecode.swift; path = AddRoutinViewModel.swift; sourceTree = "<group>"; };
		26E699B12B0DFA2D00DA90C0 /* MainTableViewCell.swift */ = {isa = PBXFileReference; lastKnownFileType = sourcecode.swift; path = MainTableViewCell.swift; sourceTree = "<group>"; };
		26E699B32B0E05FA00DA90C0 /* MainViewModel.swift */ = {isa = PBXFileReference; lastKnownFileType = sourcecode.swift; path = MainViewModel.swift; sourceTree = "<group>"; };
		26E699B52B0E409500DA90C0 /* Ext+StringToDate.swift */ = {isa = PBXFileReference; lastKnownFileType = sourcecode.swift; path = "Ext+StringToDate.swift"; sourceTree = "<group>"; };
		26EB41082B19F9450080E5D8 /* PostImage.swift */ = {isa = PBXFileReference; lastKnownFileType = sourcecode.swift; path = PostImage.swift; sourceTree = "<group>"; };
		26EB410B2B1A30A70080E5D8 /* TabViewController.swift */ = {isa = PBXFileReference; lastKnownFileType = sourcecode.swift; path = TabViewController.swift; sourceTree = "<group>"; };
		26EB41142B1A31A80080E5D8 /* ProfileViewController.swift */ = {isa = PBXFileReference; lastKnownFileType = sourcecode.swift; path = ProfileViewController.swift; sourceTree = "<group>"; };
		26F03BCE2B0B2D7400BC5E68 /* MainViewController.swift */ = {isa = PBXFileReference; lastKnownFileType = sourcecode.swift; path = MainViewController.swift; sourceTree = "<group>"; };
		26F2A7CB2B074DE100033C93 /* NetworkErrorCollections.swift */ = {isa = PBXFileReference; lastKnownFileType = sourcecode.swift; path = NetworkErrorCollections.swift; sourceTree = "<group>"; };
		26F2A7CD2B07648200033C93 /* LoginViewModel.swift */ = {isa = PBXFileReference; lastKnownFileType = sourcecode.swift; path = LoginViewModel.swift; sourceTree = "<group>"; };
		26F4937E2B036A5400AA68E7 /* LoginViewController.swift */ = {isa = PBXFileReference; lastKnownFileType = sourcecode.swift; path = LoginViewController.swift; sourceTree = "<group>"; };
		26F493812B0388C500AA68E7 /* UserDefaultsManager.swift */ = {isa = PBXFileReference; lastKnownFileType = sourcecode.swift; path = UserDefaultsManager.swift; sourceTree = "<group>"; };
		26F565F12B147764006A58CA /* CommentTableViewCell.swift */ = {isa = PBXFileReference; lastKnownFileType = sourcecode.swift; path = CommentTableViewCell.swift; sourceTree = "<group>"; };
		26F565F52B14FB4B006A58CA /* CommentViewModel.swift */ = {isa = PBXFileReference; lastKnownFileType = sourcecode.swift; path = CommentViewModel.swift; sourceTree = "<group>"; };
/* End PBXFileReference section */

/* Begin PBXFrameworksBuildPhase section */
		2657F3B12B02324000E3A22E /* Frameworks */ = {
			isa = PBXFrameworksBuildPhase;
			buildActionMask = 2147483647;
			files = (
				2657F3D62B02352600E3A22E /* RxSwift in Frameworks */,
				2657F3E72B023CA500E3A22E /* Alamofire in Frameworks */,
				2657F3D42B02352600E3A22E /* RxCocoa in Frameworks */,
				2657F3D12B02350F00E3A22E /* SnapKit in Frameworks */,
				26EC02BA2B16FF8C00EB1D06 /* Kingfisher in Frameworks */,
			);
			runOnlyForDeploymentPostprocessing = 0;
		};
/* End PBXFrameworksBuildPhase section */

/* Begin PBXGroup section */
		2649E1B22B04AE33003CA70C /* CustomView */ = {
			isa = PBXGroup;
			children = (
				2649E1B32B04AE43003CA70C /* SignInTextField.swift */,
				2649E1B82B04B073003CA70C /* SignInButton.swift */,
				26EB41082B19F9450080E5D8 /* PostImage.swift */,
				26E5F2FE2B1F72FE00955A5D /* BasicTextView.swift */,
			);
			path = CustomView;
			sourceTree = "<group>";
		};
		2649E1B52B04AEA6003CA70C /* Extension */ = {
			isa = PBXGroup;
			children = (
				2649E1B62B04AEB6003CA70C /* Ext+UITextField.swift */,
				2649E1BA2B04B0B4003CA70C /* Ext+UIButton.swift */,
				2649E1BC2B04B872003CA70C /* Ext+UIViewController.swift */,
				26E699B52B0E409500DA90C0 /* Ext+StringToDate.swift */,
				26E5F2FC2B1F721200955A5D /* Ext+UITextView.swift */,
				2686E1B22B20DDB800C9DF76 /* Ext+UILabel.swift */,
			);
			path = Extension;
			sourceTree = "<group>";
		};
		2649E1C22B04C687003CA70C /* Protocol */ = {
			isa = PBXGroup;
			children = (
				2649E1C32B04C69D003CA70C /* BaseInOutPut.swift */,
			);
			path = Protocol;
			sourceTree = "<group>";
		};
		2657F3AB2B02324000E3A22E = {
			isa = PBXGroup;
			children = (
				2657F3B62B02324000E3A22E /* Lslp_Clone */,
				2657F3B52B02324000E3A22E /* Products */,
			);
			sourceTree = "<group>";
		};
		2657F3B52B02324000E3A22E /* Products */ = {
			isa = PBXGroup;
			children = (
				2657F3B42B02324000E3A22E /* Lslp_Clone.app */,
			);
			name = Products;
			sourceTree = "<group>";
		};
		2657F3B62B02324000E3A22E /* Lslp_Clone */ = {
			isa = PBXGroup;
			children = (
				2649E1C22B04C687003CA70C /* Protocol */,
				2649E1B52B04AEA6003CA70C /* Extension */,
				2657F3CB2B02328200E3A22E /* Base */,
				2649E1B22B04AE33003CA70C /* CustomView */,
				26F493802B03887700AA68E7 /* UserDefaults */,
				2657F3D72B02353800E3A22E /* Network */,
				2657F3D82B02365000E3A22E /* model */,
				26F4937D2B036A4400AA68E7 /* Login */,
				2657F3CE2B0232D500E3A22E /* Singup */,
				26F03BCD2B0B2D5B00BC5E68 /* MainView */,
				2657F3B72B02324000E3A22E /* AppDelegate.swift */,
				2657F3DF2B02374B00E3A22E /* APIKeyAndBaseURL.swift */,
				2657F3DB2B0236EB00E3A22E /* .gitignore */,
				2657F3B92B02324000E3A22E /* SceneDelegate.swift */,
				2657F3C02B02324200E3A22E /* Assets.xcassets */,
				2657F3C22B02324200E3A22E /* LaunchScreen.storyboard */,
				2657F3C52B02324200E3A22E /* Info.plist */,
			);
			path = Lslp_Clone;
			sourceTree = "<group>";
		};
		2657F3CB2B02328200E3A22E /* Base */ = {
			isa = PBXGroup;
			children = (
				2657F3CC2B02328D00E3A22E /* BaseViewController.swift */,
				2649E1B02B04AD9A003CA70C /* BaseView.swift */,
			);
			path = Base;
			sourceTree = "<group>";
		};
		2657F3CE2B0232D500E3A22E /* Singup */ = {
			isa = PBXGroup;
			children = (
				2657F3BB2B02324000E3A22E /* SignupViewController.swift */,
				2649E1C02B04C677003CA70C /* SignupViewModel.swift */,
			);
			path = Singup;
			sourceTree = "<group>";
		};
		2657F3D72B02353800E3A22E /* Network */ = {
			isa = PBXGroup;
			children = (
				2657F3E12B02377500E3A22E /* APIManager.swift */,
				2657F3E32B023C4000E3A22E /* Router.swift */,
				268E47582B186ED9008BECD3 /* AuthManager.swift */,
				26F2A7CF2B07707A00033C93 /* ErrorMessage */,
			);
			path = Network;
			sourceTree = "<group>";
		};
		2657F3D82B02365000E3A22E /* model */ = {
			isa = PBXGroup;
			children = (
				2657F3D92B02366700E3A22E /* APIModel.swift */,
			);
			path = model;
			sourceTree = "<group>";
		};
		2686E1952B204B3000C9DF76 /* Feed */ = {
			isa = PBXGroup;
			children = (
				26F03BCE2B0B2D7400BC5E68 /* MainViewController.swift */,
				26E699B12B0DFA2D00DA90C0 /* MainTableViewCell.swift */,
				26E699B32B0E05FA00DA90C0 /* MainViewModel.swift */,
			);
			path = Feed;
			sourceTree = "<group>";
		};
		269CEE5D2B1113C900477D04 /* CommentView */ = {
			isa = PBXGroup;
			children = (
				269CEE5E2B1113D900477D04 /* CommentViewController.swift */,
				26F565F12B147764006A58CA /* CommentTableViewCell.swift */,
				26F565F52B14FB4B006A58CA /* CommentViewModel.swift */,
			);
			path = CommentView;
			sourceTree = "<group>";
		};
		26E699AC2B0DDFE500DA90C0 /* AddRoutinView */ = {
			isa = PBXGroup;
			children = (
				26E699AD2B0DE00B00DA90C0 /* AddRoutinViewController.swift */,
				26E699AF2B0DE66400DA90C0 /* AddRoutinViewModel.swift */,
			);
			path = AddRoutinView;
			sourceTree = "<group>";
		};
		26EB339D2B1AB2BE008C7406 /* FeedView */ = {
			isa = PBXGroup;
			children = (
				2686E1952B204B3000C9DF76 /* Feed */,
				26E699AC2B0DDFE500DA90C0 /* AddRoutinView */,
				269CEE5D2B1113C900477D04 /* CommentView */,
			);
			path = FeedView;
			sourceTree = "<group>";
		};
		26EB410A2B1A308E0080E5D8 /* TabView */ = {
			isa = PBXGroup;
			children = (
				26EB410B2B1A30A70080E5D8 /* TabViewController.swift */,
			);
			path = TabView;
			sourceTree = "<group>";
		};
		26EB410E2B1A313F0080E5D8 /* LikeCollectionView */ = {
			isa = PBXGroup;
			children = (
				2686E1A02B20619A00C9DF76 /* LikeCollectionViewController.swift */,
				2686E19C2B20527D00C9DF76 /* LikeCollectionViewCell.swift */,
				2686E1A22B207CA600C9DF76 /* LikeViewModel.swift */,
			);
			path = LikeCollectionView;
			sourceTree = "<group>";
		};
		26EB410F2B1A31480080E5D8 /* ProfileView */ = {
			isa = PBXGroup;
			children = (
				26EB41142B1A31A80080E5D8 /* ProfileViewController.swift */,
				2686E1B02B20DCEA00C9DF76 /* ProfileView.swift */,
			);
			path = ProfileView;
			sourceTree = "<group>";
		};
		26F03BCD2B0B2D5B00BC5E68 /* MainView */ = {
			isa = PBXGroup;
			children = (
				26EB410A2B1A308E0080E5D8 /* TabView */,
				26EB339D2B1AB2BE008C7406 /* FeedView */,
				26EB410E2B1A313F0080E5D8 /* LikeCollectionView */,
				26EB410F2B1A31480080E5D8 /* ProfileView */,
			);
			path = MainView;
			sourceTree = "<group>";
		};
		26F2A7CF2B07707A00033C93 /* ErrorMessage */ = {
			isa = PBXGroup;
			children = (
				26F2A7CB2B074DE100033C93 /* NetworkErrorCollections.swift */,
			);
			path = ErrorMessage;
			sourceTree = "<group>";
		};
		26F4937D2B036A4400AA68E7 /* Login */ = {
			isa = PBXGroup;
			children = (
				26F4937E2B036A5400AA68E7 /* LoginViewController.swift */,
				26F2A7CD2B07648200033C93 /* LoginViewModel.swift */,
			);
			path = Login;
			sourceTree = "<group>";
		};
		26F493802B03887700AA68E7 /* UserDefaults */ = {
			isa = PBXGroup;
			children = (
				26F493812B0388C500AA68E7 /* UserDefaultsManager.swift */,
			);
			path = UserDefaults;
			sourceTree = "<group>";
		};
/* End PBXGroup section */

/* Begin PBXNativeTarget section */
		2657F3B32B02324000E3A22E /* Lslp_Clone */ = {
			isa = PBXNativeTarget;
			buildConfigurationList = 2657F3C82B02324200E3A22E /* Build configuration list for PBXNativeTarget "Lslp_Clone" */;
			buildPhases = (
				2657F3B02B02324000E3A22E /* Sources */,
				2657F3B12B02324000E3A22E /* Frameworks */,
				2657F3B22B02324000E3A22E /* Resources */,
			);
			buildRules = (
			);
			dependencies = (
			);
			name = Lslp_Clone;
			packageProductDependencies = (
				2657F3D02B02350F00E3A22E /* SnapKit */,
				2657F3D32B02352600E3A22E /* RxCocoa */,
				2657F3D52B02352600E3A22E /* RxSwift */,
				2657F3E62B023CA500E3A22E /* Alamofire */,
				26EC02B92B16FF8C00EB1D06 /* Kingfisher */,
			);
			productName = Lslp_Clone;
			productReference = 2657F3B42B02324000E3A22E /* Lslp_Clone.app */;
			productType = "com.apple.product-type.application";
		};
/* End PBXNativeTarget section */

/* Begin PBXProject section */
		2657F3AC2B02324000E3A22E /* Project object */ = {
			isa = PBXProject;
			attributes = {
				BuildIndependentTargetsInParallel = 1;
				LastSwiftUpdateCheck = 1430;
				LastUpgradeCheck = 1430;
				TargetAttributes = {
					2657F3B32B02324000E3A22E = {
						CreatedOnToolsVersion = 14.3.1;
					};
				};
			};
			buildConfigurationList = 2657F3AF2B02324000E3A22E /* Build configuration list for PBXProject "Lslp_Clone" */;
			compatibilityVersion = "Xcode 14.0";
			developmentRegion = en;
			hasScannedForEncodings = 0;
			knownRegions = (
				en,
				Base,
			);
			mainGroup = 2657F3AB2B02324000E3A22E;
			packageReferences = (
				2657F3CF2B02350F00E3A22E /* XCRemoteSwiftPackageReference "SnapKit" */,
				2657F3D22B02352600E3A22E /* XCRemoteSwiftPackageReference "RxSwift" */,
				2657F3E52B023CA500E3A22E /* XCRemoteSwiftPackageReference "Alamofire" */,
				26EC02B82B16FF8C00EB1D06 /* XCRemoteSwiftPackageReference "Kingfisher" */,
			);
			productRefGroup = 2657F3B52B02324000E3A22E /* Products */;
			projectDirPath = "";
			projectRoot = "";
			targets = (
				2657F3B32B02324000E3A22E /* Lslp_Clone */,
			);
		};
/* End PBXProject section */

/* Begin PBXResourcesBuildPhase section */
		2657F3B22B02324000E3A22E /* Resources */ = {
			isa = PBXResourcesBuildPhase;
			buildActionMask = 2147483647;
			files = (
				2657F3C42B02324200E3A22E /* LaunchScreen.storyboard in Resources */,
				2657F3DC2B0236EB00E3A22E /* .gitignore in Resources */,
				2657F3C12B02324200E3A22E /* Assets.xcassets in Resources */,
			);
			runOnlyForDeploymentPostprocessing = 0;
		};
/* End PBXResourcesBuildPhase section */

/* Begin PBXSourcesBuildPhase section */
		2657F3B02B02324000E3A22E /* Sources */ = {
			isa = PBXSourcesBuildPhase;
			buildActionMask = 2147483647;
			files = (
				26F03BCF2B0B2D7400BC5E68 /* MainViewController.swift in Sources */,
				2686E1B12B20DCEA00C9DF76 /* ProfileView.swift in Sources */,
				2649E1C12B04C677003CA70C /* SignupViewModel.swift in Sources */,
				26F4937F2B036A5400AA68E7 /* LoginViewController.swift in Sources */,
				2649E1B42B04AE43003CA70C /* SignInTextField.swift in Sources */,
				26F2A7CC2B074DE100033C93 /* NetworkErrorCollections.swift in Sources */,
				26E699B42B0E05FA00DA90C0 /* MainViewModel.swift in Sources */,
				26F565F62B14FB4B006A58CA /* CommentViewModel.swift in Sources */,
				2649E1C42B04C69D003CA70C /* BaseInOutPut.swift in Sources */,
				26F493822B0388C500AA68E7 /* UserDefaultsManager.swift in Sources */,
				269CEE5F2B1113D900477D04 /* CommentViewController.swift in Sources */,
				26EB41092B19F9450080E5D8 /* PostImage.swift in Sources */,
				26EB410C2B1A30A70080E5D8 /* TabViewController.swift in Sources */,
				2657F3E42B023C4000E3A22E /* Router.swift in Sources */,
				268E47592B186ED9008BECD3 /* AuthManager.swift in Sources */,
				26E699B02B0DE66400DA90C0 /* AddRoutinViewModel.swift in Sources */,
				26F565F22B147764006A58CA /* CommentTableViewCell.swift in Sources */,
				2649E1B12B04AD9A003CA70C /* BaseView.swift in Sources */,
				2686E1A12B20619A00C9DF76 /* LikeCollectionViewController.swift in Sources */,
				26E699B22B0DFA2D00DA90C0 /* MainTableViewCell.swift in Sources */,
				26E5F2FF2B1F72FE00955A5D /* BasicTextView.swift in Sources */,
				26F2A7CE2B07648200033C93 /* LoginViewModel.swift in Sources */,
				2686E1B32B20DDB800C9DF76 /* Ext+UILabel.swift in Sources */,
				2657F3BC2B02324000E3A22E /* SignupViewController.swift in Sources */,
				26E699AE2B0DE00B00DA90C0 /* AddRoutinViewController.swift in Sources */,
				2649E1BB2B04B0B4003CA70C /* Ext+UIButton.swift in Sources */,
				2686E1A32B207CA600C9DF76 /* LikeViewModel.swift in Sources */,
				2649E1B72B04AEB6003CA70C /* Ext+UITextField.swift in Sources */,
				2649E1B92B04B073003CA70C /* SignInButton.swift in Sources */,
				2657F3E02B02374B00E3A22E /* APIKeyAndBaseURL.swift in Sources */,
				2686E19D2B20527D00C9DF76 /* LikeCollectionViewCell.swift in Sources */,
				2657F3CD2B02328D00E3A22E /* BaseViewController.swift in Sources */,
				2657F3B82B02324000E3A22E /* AppDelegate.swift in Sources */,
				26E699B62B0E409500DA90C0 /* Ext+StringToDate.swift in Sources */,
				2657F3BA2B02324000E3A22E /* SceneDelegate.swift in Sources */,
				2657F3DA2B02366700E3A22E /* APIModel.swift in Sources */,
				26EB41152B1A31A80080E5D8 /* ProfileViewController.swift in Sources */,
				26E5F2FD2B1F721200955A5D /* Ext+UITextView.swift in Sources */,
				2649E1BD2B04B872003CA70C /* Ext+UIViewController.swift in Sources */,
				2657F3E22B02377500E3A22E /* APIManager.swift in Sources */,
			);
			runOnlyForDeploymentPostprocessing = 0;
		};
/* End PBXSourcesBuildPhase section */

/* Begin PBXVariantGroup section */
		2657F3C22B02324200E3A22E /* LaunchScreen.storyboard */ = {
			isa = PBXVariantGroup;
			children = (
				2657F3C32B02324200E3A22E /* Base */,
			);
			name = LaunchScreen.storyboard;
			sourceTree = "<group>";
		};
/* End PBXVariantGroup section */

/* Begin XCBuildConfiguration section */
		2657F3C62B02324200E3A22E /* Debug */ = {
			isa = XCBuildConfiguration;
			buildSettings = {
				ALWAYS_SEARCH_USER_PATHS = NO;
				CLANG_ANALYZER_NONNULL = YES;
				CLANG_ANALYZER_NUMBER_OBJECT_CONVERSION = YES_AGGRESSIVE;
				CLANG_CXX_LANGUAGE_STANDARD = "gnu++20";
				CLANG_ENABLE_MODULES = YES;
				CLANG_ENABLE_OBJC_ARC = YES;
				CLANG_ENABLE_OBJC_WEAK = YES;
				CLANG_WARN_BLOCK_CAPTURE_AUTORELEASING = YES;
				CLANG_WARN_BOOL_CONVERSION = YES;
				CLANG_WARN_COMMA = YES;
				CLANG_WARN_CONSTANT_CONVERSION = YES;
				CLANG_WARN_DEPRECATED_OBJC_IMPLEMENTATIONS = YES;
				CLANG_WARN_DIRECT_OBJC_ISA_USAGE = YES_ERROR;
				CLANG_WARN_DOCUMENTATION_COMMENTS = YES;
				CLANG_WARN_EMPTY_BODY = YES;
				CLANG_WARN_ENUM_CONVERSION = YES;
				CLANG_WARN_INFINITE_RECURSION = YES;
				CLANG_WARN_INT_CONVERSION = YES;
				CLANG_WARN_NON_LITERAL_NULL_CONVERSION = YES;
				CLANG_WARN_OBJC_IMPLICIT_RETAIN_SELF = YES;
				CLANG_WARN_OBJC_LITERAL_CONVERSION = YES;
				CLANG_WARN_OBJC_ROOT_CLASS = YES_ERROR;
				CLANG_WARN_QUOTED_INCLUDE_IN_FRAMEWORK_HEADER = YES;
				CLANG_WARN_RANGE_LOOP_ANALYSIS = YES;
				CLANG_WARN_STRICT_PROTOTYPES = YES;
				CLANG_WARN_SUSPICIOUS_MOVE = YES;
				CLANG_WARN_UNGUARDED_AVAILABILITY = YES_AGGRESSIVE;
				CLANG_WARN_UNREACHABLE_CODE = YES;
				CLANG_WARN__DUPLICATE_METHOD_MATCH = YES;
				COPY_PHASE_STRIP = NO;
				DEBUG_INFORMATION_FORMAT = dwarf;
				ENABLE_STRICT_OBJC_MSGSEND = YES;
				ENABLE_TESTABILITY = YES;
				GCC_C_LANGUAGE_STANDARD = gnu11;
				GCC_DYNAMIC_NO_PIC = NO;
				GCC_NO_COMMON_BLOCKS = YES;
				GCC_OPTIMIZATION_LEVEL = 0;
				GCC_PREPROCESSOR_DEFINITIONS = (
					"DEBUG=1",
					"$(inherited)",
				);
				GCC_WARN_64_TO_32_BIT_CONVERSION = YES;
				GCC_WARN_ABOUT_RETURN_TYPE = YES_ERROR;
				GCC_WARN_UNDECLARED_SELECTOR = YES;
				GCC_WARN_UNINITIALIZED_AUTOS = YES_AGGRESSIVE;
				GCC_WARN_UNUSED_FUNCTION = YES;
				GCC_WARN_UNUSED_VARIABLE = YES;
				IPHONEOS_DEPLOYMENT_TARGET = 16.4;
				MTL_ENABLE_DEBUG_INFO = INCLUDE_SOURCE;
				MTL_FAST_MATH = YES;
				ONLY_ACTIVE_ARCH = YES;
				SDKROOT = iphoneos;
				SWIFT_ACTIVE_COMPILATION_CONDITIONS = DEBUG;
				SWIFT_OPTIMIZATION_LEVEL = "-Onone";
			};
			name = Debug;
		};
		2657F3C72B02324200E3A22E /* Release */ = {
			isa = XCBuildConfiguration;
			buildSettings = {
				ALWAYS_SEARCH_USER_PATHS = NO;
				CLANG_ANALYZER_NONNULL = YES;
				CLANG_ANALYZER_NUMBER_OBJECT_CONVERSION = YES_AGGRESSIVE;
				CLANG_CXX_LANGUAGE_STANDARD = "gnu++20";
				CLANG_ENABLE_MODULES = YES;
				CLANG_ENABLE_OBJC_ARC = YES;
				CLANG_ENABLE_OBJC_WEAK = YES;
				CLANG_WARN_BLOCK_CAPTURE_AUTORELEASING = YES;
				CLANG_WARN_BOOL_CONVERSION = YES;
				CLANG_WARN_COMMA = YES;
				CLANG_WARN_CONSTANT_CONVERSION = YES;
				CLANG_WARN_DEPRECATED_OBJC_IMPLEMENTATIONS = YES;
				CLANG_WARN_DIRECT_OBJC_ISA_USAGE = YES_ERROR;
				CLANG_WARN_DOCUMENTATION_COMMENTS = YES;
				CLANG_WARN_EMPTY_BODY = YES;
				CLANG_WARN_ENUM_CONVERSION = YES;
				CLANG_WARN_INFINITE_RECURSION = YES;
				CLANG_WARN_INT_CONVERSION = YES;
				CLANG_WARN_NON_LITERAL_NULL_CONVERSION = YES;
				CLANG_WARN_OBJC_IMPLICIT_RETAIN_SELF = YES;
				CLANG_WARN_OBJC_LITERAL_CONVERSION = YES;
				CLANG_WARN_OBJC_ROOT_CLASS = YES_ERROR;
				CLANG_WARN_QUOTED_INCLUDE_IN_FRAMEWORK_HEADER = YES;
				CLANG_WARN_RANGE_LOOP_ANALYSIS = YES;
				CLANG_WARN_STRICT_PROTOTYPES = YES;
				CLANG_WARN_SUSPICIOUS_MOVE = YES;
				CLANG_WARN_UNGUARDED_AVAILABILITY = YES_AGGRESSIVE;
				CLANG_WARN_UNREACHABLE_CODE = YES;
				CLANG_WARN__DUPLICATE_METHOD_MATCH = YES;
				COPY_PHASE_STRIP = NO;
				DEBUG_INFORMATION_FORMAT = "dwarf-with-dsym";
				ENABLE_NS_ASSERTIONS = NO;
				ENABLE_STRICT_OBJC_MSGSEND = YES;
				GCC_C_LANGUAGE_STANDARD = gnu11;
				GCC_NO_COMMON_BLOCKS = YES;
				GCC_WARN_64_TO_32_BIT_CONVERSION = YES;
				GCC_WARN_ABOUT_RETURN_TYPE = YES_ERROR;
				GCC_WARN_UNDECLARED_SELECTOR = YES;
				GCC_WARN_UNINITIALIZED_AUTOS = YES_AGGRESSIVE;
				GCC_WARN_UNUSED_FUNCTION = YES;
				GCC_WARN_UNUSED_VARIABLE = YES;
				IPHONEOS_DEPLOYMENT_TARGET = 16.4;
				MTL_ENABLE_DEBUG_INFO = NO;
				MTL_FAST_MATH = YES;
				SDKROOT = iphoneos;
				SWIFT_COMPILATION_MODE = wholemodule;
				SWIFT_OPTIMIZATION_LEVEL = "-O";
				VALIDATE_PRODUCT = YES;
			};
			name = Release;
		};
		2657F3C92B02324200E3A22E /* Debug */ = {
			isa = XCBuildConfiguration;
			buildSettings = {
				ASSETCATALOG_COMPILER_APPICON_NAME = AppIcon;
				ASSETCATALOG_COMPILER_GLOBAL_ACCENT_COLOR_NAME = AccentColor;
				CODE_SIGN_STYLE = Automatic;
				CURRENT_PROJECT_VERSION = 1;
				DEVELOPMENT_TEAM = D3U7XS5ZX2;
				GENERATE_INFOPLIST_FILE = YES;
				INFOPLIST_FILE = Lslp_Clone/Info.plist;
				INFOPLIST_KEY_UIApplicationSupportsIndirectInputEvents = YES;
				INFOPLIST_KEY_UILaunchStoryboardName = LaunchScreen;
				INFOPLIST_KEY_UISupportedInterfaceOrientations_iPad = "UIInterfaceOrientationPortrait UIInterfaceOrientationPortraitUpsideDown UIInterfaceOrientationLandscapeLeft UIInterfaceOrientationLandscapeRight";
				INFOPLIST_KEY_UISupportedInterfaceOrientations_iPhone = "UIInterfaceOrientationPortrait UIInterfaceOrientationLandscapeLeft UIInterfaceOrientationLandscapeRight";
				LD_RUNPATH_SEARCH_PATHS = (
					"$(inherited)",
					"@executable_path/Frameworks",
				);
				MARKETING_VERSION = 1.0;
				PRODUCT_BUNDLE_IDENTIFIER = "com.present.Lslp-Clone";
				PRODUCT_NAME = "$(TARGET_NAME)";
				SWIFT_EMIT_LOC_STRINGS = YES;
				SWIFT_VERSION = 5.0;
				TARGETED_DEVICE_FAMILY = "1,2";
			};
			name = Debug;
		};
		2657F3CA2B02324200E3A22E /* Release */ = {
			isa = XCBuildConfiguration;
			buildSettings = {
				ASSETCATALOG_COMPILER_APPICON_NAME = AppIcon;
				ASSETCATALOG_COMPILER_GLOBAL_ACCENT_COLOR_NAME = AccentColor;
				CODE_SIGN_STYLE = Automatic;
				CURRENT_PROJECT_VERSION = 1;
				DEVELOPMENT_TEAM = D3U7XS5ZX2;
				GENERATE_INFOPLIST_FILE = YES;
				INFOPLIST_FILE = Lslp_Clone/Info.plist;
				INFOPLIST_KEY_UIApplicationSupportsIndirectInputEvents = YES;
				INFOPLIST_KEY_UILaunchStoryboardName = LaunchScreen;
				INFOPLIST_KEY_UISupportedInterfaceOrientations_iPad = "UIInterfaceOrientationPortrait UIInterfaceOrientationPortraitUpsideDown UIInterfaceOrientationLandscapeLeft UIInterfaceOrientationLandscapeRight";
				INFOPLIST_KEY_UISupportedInterfaceOrientations_iPhone = "UIInterfaceOrientationPortrait UIInterfaceOrientationLandscapeLeft UIInterfaceOrientationLandscapeRight";
				LD_RUNPATH_SEARCH_PATHS = (
					"$(inherited)",
					"@executable_path/Frameworks",
				);
				MARKETING_VERSION = 1.0;
				PRODUCT_BUNDLE_IDENTIFIER = "com.present.Lslp-Clone";
				PRODUCT_NAME = "$(TARGET_NAME)";
				SWIFT_EMIT_LOC_STRINGS = YES;
				SWIFT_VERSION = 5.0;
				TARGETED_DEVICE_FAMILY = "1,2";
			};
			name = Release;
		};
/* End XCBuildConfiguration section */

/* Begin XCConfigurationList section */
		2657F3AF2B02324000E3A22E /* Build configuration list for PBXProject "Lslp_Clone" */ = {
			isa = XCConfigurationList;
			buildConfigurations = (
				2657F3C62B02324200E3A22E /* Debug */,
				2657F3C72B02324200E3A22E /* Release */,
			);
			defaultConfigurationIsVisible = 0;
			defaultConfigurationName = Release;
		};
		2657F3C82B02324200E3A22E /* Build configuration list for PBXNativeTarget "Lslp_Clone" */ = {
			isa = XCConfigurationList;
			buildConfigurations = (
				2657F3C92B02324200E3A22E /* Debug */,
				2657F3CA2B02324200E3A22E /* Release */,
			);
			defaultConfigurationIsVisible = 0;
			defaultConfigurationName = Release;
		};
/* End XCConfigurationList section */

/* Begin XCRemoteSwiftPackageReference section */
		2657F3CF2B02350F00E3A22E /* XCRemoteSwiftPackageReference "SnapKit" */ = {
			isa = XCRemoteSwiftPackageReference;
			repositoryURL = "https://github.com/SnapKit/SnapKit.git";
			requirement = {
				kind = upToNextMajorVersion;
				minimumVersion = 5.0.0;
			};
		};
		2657F3D22B02352600E3A22E /* XCRemoteSwiftPackageReference "RxSwift" */ = {
			isa = XCRemoteSwiftPackageReference;
			repositoryURL = "https://github.com/ReactiveX/RxSwift";
			requirement = {
				kind = upToNextMajorVersion;
				minimumVersion = 6.0.0;
			};
		};
		2657F3E52B023CA500E3A22E /* XCRemoteSwiftPackageReference "Alamofire" */ = {
			isa = XCRemoteSwiftPackageReference;
			repositoryURL = "https://github.com/Alamofire/Alamofire";
			requirement = {
				kind = upToNextMajorVersion;
				minimumVersion = 5.0.0;
			};
		};
		26EC02B82B16FF8C00EB1D06 /* XCRemoteSwiftPackageReference "Kingfisher" */ = {
			isa = XCRemoteSwiftPackageReference;
			repositoryURL = "https://github.com/onevcat/Kingfisher.git";
			requirement = {
				kind = upToNextMajorVersion;
				minimumVersion = 7.0.0;
			};
		};
/* End XCRemoteSwiftPackageReference section */

/* Begin XCSwiftPackageProductDependency section */
		2657F3D02B02350F00E3A22E /* SnapKit */ = {
			isa = XCSwiftPackageProductDependency;
			package = 2657F3CF2B02350F00E3A22E /* XCRemoteSwiftPackageReference "SnapKit" */;
			productName = SnapKit;
		};
		2657F3D32B02352600E3A22E /* RxCocoa */ = {
			isa = XCSwiftPackageProductDependency;
			package = 2657F3D22B02352600E3A22E /* XCRemoteSwiftPackageReference "RxSwift" */;
			productName = RxCocoa;
		};
		2657F3D52B02352600E3A22E /* RxSwift */ = {
			isa = XCSwiftPackageProductDependency;
			package = 2657F3D22B02352600E3A22E /* XCRemoteSwiftPackageReference "RxSwift" */;
			productName = RxSwift;
		};
		2657F3E62B023CA500E3A22E /* Alamofire */ = {
			isa = XCSwiftPackageProductDependency;
			package = 2657F3E52B023CA500E3A22E /* XCRemoteSwiftPackageReference "Alamofire" */;
			productName = Alamofire;
		};
		26EC02B92B16FF8C00EB1D06 /* Kingfisher */ = {
			isa = XCSwiftPackageProductDependency;
			package = 26EC02B82B16FF8C00EB1D06 /* XCRemoteSwiftPackageReference "Kingfisher" */;
			productName = Kingfisher;
		};
/* End XCSwiftPackageProductDependency section */
	};
	rootObject = 2657F3AC2B02324000E3A22E /* Project object */;
}
